# @generated - this file is auto-generated by `mise lock` https://mise.jdx.dev/dev-tools/mise-lock.html

[[tools.cocogitto]]
version = "7.0.0"
backend = "aqua:cocogitto/cocogitto"

[tools.cocogitto."platforms.linux-arm64"]
checksum = "sha256:379949f50c4f8245ef9532913e83f351c048b55e40ebd52ed8a850642c07a753"
url = "https://github.com/cocogitto/cocogitto/releases/download/7.0.0/cocogitto-7.0.0-aarch64-unknown-linux-gnu.tar.gz"
url_api = "https://api.github.com/repos/cocogitto/cocogitto/releases/assets/366659384"

[tools.cocogitto."platforms.linux-x64"]
checksum = "sha256:e03938ff2c4c86d71c00c0f3284dbbe95c5ca76fe34a51f33e945c23010d59bb"
url = "https://github.com/cocogitto/cocogitto/releases/download/7.0.0/cocogitto-7.0.0-x86_64-unknown-linux-musl.tar.gz"
url_api = "https://api.github.com/repos/cocogitto/cocogitto/releases/assets/366659350"

[tools.cocogitto."platforms.linux-x64-musl"]
checksum = "sha256:e03938ff2c4c86d71c00c0f3284dbbe95c5ca76fe34a51f33e945c23010d59bb"
url = "https://github.com/cocogitto/cocogitto/releases/download/7.0.0/cocogitto-7.0.0-x86_64-unknown-linux-musl.tar.gz"
url_api = "https://api.github.com/repos/cocogitto/cocogitto/releases/assets/366659350"

[tools.cocogitto."platforms.macos-arm64"]
checksum = "sha256:429303b6d68c6461aa221ab4de82b26d0bbcdee7127947ea9c7c411ab9bc574c"
url = "https://github.com/cocogitto/cocogitto/releases/download/7.0.0/cocogitto-7.0.0-aarch64-apple-darwin.tar.gz"
url_api = "https://api.github.com/repos/cocogitto/cocogitto/releases/assets/366659431"

[tools.cocogitto."platforms.macos-x64"]
checksum = "sha256:591dcd462e2e35ecc21caf41a15a65d464b7ce1ce8a5c299fa0d46a7798dddb0"
url = "https://github.com/cocogitto/cocogitto/releases/download/7.0.0/cocogitto-7.0.0-x86_64-apple-darwin.tar.gz"
url_api = "https://api.github.com/repos/cocogitto/cocogitto/releases/assets/366659418"

[tools.cocogitto."platforms.windows-x64"]
checksum = "sha256:074f68f05d270da5c0d69d3e234ec362bec4c6e3189c21d1c948d038603655d7"
url = "https://github.com/cocogitto/cocogitto/releases/download/7.0.0/cocogitto-7.0.0-x86_64-pc-windows-msvc.tar.gz"
url_api = "https://api.github.com/repos/cocogitto/cocogitto/releases/assets/366659399"

[[tools."github:CloudCannon/pagefind"]]
version = "1.5.2"
backend = "github:CloudCannon/pagefind"

[tools."github:CloudCannon/pagefind"."platforms.linux-arm64"]
checksum = "sha256:f50ec608bcbf431cebd84e0efa3a5b041ee63df2ad81f138023e0cfd2f509424"
url = "https://github.com/Pagefind/pagefind/releases/download/v1.5.2/pagefind-v1.5.2-aarch64-unknown-linux-musl.tar.gz"
url_api = "https://api.github.com/repos/Pagefind/pagefind/releases/assets/394716032"

[tools."github:CloudCannon/pagefind"."platforms.linux-arm64-musl"]
checksum = "sha256:f50ec608bcbf431cebd84e0efa3a5b041ee63df2ad81f138023e0cfd2f509424"
url = "https://github.com/Pagefind/pagefind/releases/download/v1.5.2/pagefind-v1.5.2-aarch64-unknown-linux-musl.tar.gz"
url_api = "https://api.github.com/repos/Pagefind/pagefind/releases/assets/394716032"

[tools."github:CloudCannon/pagefind"."platforms.linux-x64"]
checksum = "sha256:afb824a9e7f64905a934900481cea5be679c03975e527329e0e5e6cc70f5feda"
url = "https://github.com/Pagefind/pagefind/releases/download/v1.5.2/pagefind-v1.5.2-x86_64-unknown-linux-musl.tar.gz"
url_api = "https://api.github.com/repos/Pagefind/pagefind/releases/assets/394716026"

[tools."github:CloudCannon/pagefind"."platforms.linux-x64-musl"]
checksum = "sha256:afb824a9e7f64905a934900481cea5be679c03975e527329e0e5e6cc70f5feda"
url = "https://github.com/Pagefind/pagefind/releases/download/v1.5.2/pagefind-v1.5.2-x86_64-unknown-linux-musl.tar.gz"
url_api = "https://api.github.com/repos/Pagefind/pagefind/releases/assets/394716026"

[tools."github:CloudCannon/pagefind"."platforms.macos-arm64"]
checksum = "sha256:7286f394a349bd37677d44a65a20078a02b1747da0b0814d83403bf86be17abe"
url = "https://github.com/Pagefind/pagefind/releases/download/v1.5.2/pagefind-v1.5.2-aarch64-apple-darwin.tar.gz"
url_api = "https://api.github.com/repos/Pagefind/pagefind/releases/assets/394716035"

[tools."github:CloudCannon/pagefind"."platforms.macos-x64"]
checksum = "sha256:26f51b4ba921897142338fb13b836420696e251fe197b1782ea7981de311156d"
url = "https://github.com/Pagefind/pagefind/releases/download/v1.5.2/pagefind-v1.5.2-x86_64-apple-darwin.tar.gz"
url_api = "https://api.github.com/repos/Pagefind/pagefind/releases/assets/394716033"

[tools."github:CloudCannon/pagefind"."platforms.windows-x64"]
checksum = "sha256:fab125d5e8e2d3481ffe7d36dec6e101f54a6581cd51cf5e2e09220d4bc78e9c"
url = "https://github.com/Pagefind/pagefind/releases/download/v1.5.2/pagefind-v1.5.2-x86_64-pc-windows-msvc.tar.gz"
url_api = "https://api.github.com/repos/Pagefind/pagefind/releases/assets/394716028"

[[tools."github:Pagefind/pagefind"]]
version = "1.5.2"
backend = "github:Pagefind/pagefind"

[tools."github:Pagefind/pagefind"."platforms.linux-arm64"]
checksum = "sha256:f50ec608bcbf431cebd84e0efa3a5b041ee63df2ad81f138023e0cfd2f509424"
url = "https://github.com/Pagefind/pagefind/releases/download/v1.5.2/pagefind-v1.5.2-aarch64-unknown-linux-musl.tar.gz"
url_api = "https://api.github.com/repos/Pagefind/pagefind/releases/assets/394716032"

[tools."github:Pagefind/pagefind"."platforms.linux-arm64-musl"]
checksum = "sha256:f50ec608bcbf431cebd84e0efa3a5b041ee63df2ad81f138023e0cfd2f509424"
url = "https://github.com/Pagefind/pagefind/releases/download/v1.5.2/pagefind-v1.5.2-aarch64-unknown-linux-musl.tar.gz"
url_api = "https://api.github.com/repos/Pagefind/pagefind/releases/assets/394716032"

[tools."github:Pagefind/pagefind"."platforms.linux-x64"]
checksum = "sha256:afb824a9e7f64905a934900481cea5be679c03975e527329e0e5e6cc70f5feda"
url = "https://github.com/Pagefind/pagefind/releases/download/v1.5.2/pagefind-v1.5.2-x86_64-unknown-linux-musl.tar.gz"
url_api = "https://api.github.com/repos/Pagefind/pagefind/releases/assets/394716026"

[tools."github:Pagefind/pagefind"."platforms.linux-x64-musl"]
checksum = "sha256:afb824a9e7f64905a934900481cea5be679c03975e527329e0e5e6cc70f5feda"
url = "https://github.com/Pagefind/pagefind/releases/download/v1.5.2/pagefind-v1.5.2-x86_64-unknown-linux-musl.tar.gz"
url_api = "https://api.github.com/repos/Pagefind/pagefind/releases/assets/394716026"

[tools."github:Pagefind/pagefind"."platforms.macos-arm64"]
checksum = "sha256:7286f394a349bd37677d44a65a20078a02b1747da0b0814d83403bf86be17abe"
url = "https://github.com/Pagefind/pagefind/releases/download/v1.5.2/pagefind-v1.5.2-aarch64-apple-darwin.tar.gz"
url_api = "https://api.github.com/repos/Pagefind/pagefind/releases/assets/394716035"

[tools."github:Pagefind/pagefind"."platforms.macos-x64"]
checksum = "sha256:26f51b4ba921897142338fb13b836420696e251fe197b1782ea7981de311156d"
url = "https://github.com/Pagefind/pagefind/releases/download/v1.5.2/pagefind-v1.5.2-x86_64-apple-darwin.tar.gz"
url_api = "https://api.github.com/repos/Pagefind/pagefind/releases/assets/394716033"

[tools."github:Pagefind/pagefind"."platforms.windows-x64"]
checksum = "sha256:fab125d5e8e2d3481ffe7d36dec6e101f54a6581cd51cf5e2e09220d4bc78e9c"
url = "https://github.com/Pagefind/pagefind/releases/download/v1.5.2/pagefind-v1.5.2-x86_64-pc-windows-msvc.tar.gz"
url_api = "https://api.github.com/repos/Pagefind/pagefind/releases/assets/394716028"

[[tools."github:mongodb/kingfisher"]]
version = "1.109.0"
backend = "github:mongodb/kingfisher"

[tools."github:mongodb/kingfisher"."platforms.linux-arm64"]
checksum = "sha256:13f98f14cebce1fa96fd987f2123739f8b2cb2aa3d28ce5f6346fe0c88742e8a"
url = "https://github.com/mongodb/kingfisher/releases/download/v1.109.0/kingfisher-linux-arm64.tgz"
url_api = "https://api.github.com/repos/mongodb/kingfisher/releases/assets/488852134"
provenance = "github-attestations"

[tools."github:mongodb/kingfisher"."platforms.linux-arm64-musl"]
checksum = "sha256:13f98f14cebce1fa96fd987f2123739f8b2cb2aa3d28ce5f6346fe0c88742e8a"
url = "https://github.com/mongodb/kingfisher/releases/download/v1.109.0/kingfisher-linux-arm64.tgz"
url_api = "https://api.github.com/repos/mongodb/kingfisher/releases/assets/488852134"
provenance = "github-attestations"

[tools."github:mongodb/kingfisher"."platforms.linux-x64"]
checksum = "sha256:17ab7567c24e10907d1d911152cacf3b0b27ae6041a9e72507ff991bbca8ac95"
url = "https://github.com/mongodb/kingfisher/releases/download/v1.109.0/kingfisher-linux-x64.tgz"
url_api = "https://api.github.com/repos/mongodb/kingfisher/releases/assets/488852072"
provenance = "github-attestations"
provenance_verified = true

[tools."github:mongodb/kingfisher"."platforms.linux-x64-musl"]
checksum = "sha256:17ab7567c24e10907d1d911152cacf3b0b27ae6041a9e72507ff991bbca8ac95"
url = "https://github.com/mongodb/kingfisher/releases/download/v1.109.0/kingfisher-linux-x64.tgz"
url_api = "https://api.github.com/repos/mongodb/kingfisher/releases/assets/488852072"
provenance = "github-attestations"

[tools."github:mongodb/kingfisher"."platforms.macos-arm64"]
checksum = "sha256:1c7ebc42ce42789234053e399c85d27d1c2fffa6e03e1935d8fbfe28f76b2d32"
url = "https://github.com/mongodb/kingfisher/releases/download/v1.109.0/kingfisher-darwin-arm64.tgz"
url_api = "https://api.github.com/repos/mongodb/kingfisher/releases/assets/488852181"
provenance = "github-attestations"

[tools."github:mongodb/kingfisher"."platforms.macos-x64"]
checksum = "sha256:1bd7db43acd8999929c1553d2cf8285869aaae579df01dc05bc7c59b60b54358"
url = "https://github.com/mongodb/kingfisher/releases/download/v1.109.0/kingfisher-darwin-x64.tgz"
url_api = "https://api.github.com/repos/mongodb/kingfisher/releases/assets/488852170"
provenance = "github-attestations"

[tools."github:mongodb/kingfisher"."platforms.windows-x64"]
checksum = "sha256:2970475db865eb7fd995792b2d2670316fee27a7cd3b02c289b13125aad5a214"
url = "https://github.com/mongodb/kingfisher/releases/download/v1.109.0/kingfisher-windows-x64.zip"
url_api = "https://api.github.com/repos/mongodb/kingfisher/releases/assets/488852040"
provenance = "github-attestations"

[[tools.go]]
version = "1.26.5"
backend = "core:go"

[tools.go."platforms.linux-arm64"]
checksum = "sha256:fe4789e92b1f33358680864bbe8704289e7bb5fc207d80623c308935bd696d49"
url = "https://dl.google.com/go/go1.26.5.linux-arm64.tar.gz"

[tools.go."platforms.linux-arm64-musl"]
checksum = "sha256:fe4789e92b1f33358680864bbe8704289e7bb5fc207d80623c308935bd696d49"
url = "https://dl.google.com/go/go1.26.5.linux-arm64.tar.gz"

[tools.go."platforms.linux-x64"]
checksum = "sha256:5c2c3b16caefa1d968a94c1daca04a7ca301a496d9b086e17ad77bb81393f053"
url = "https://dl.google.com/go/go1.26.5.linux-amd64.tar.gz"

[tools.go."platforms.linux-x64-musl"]
checksum = "sha256:5c2c3b16caefa1d968a94c1daca04a7ca301a496d9b086e17ad77bb81393f053"
url = "https://dl.google.com/go/go1.26.5.linux-amd64.tar.gz"

[tools.go."platforms.macos-arm64"]
checksum = "sha256:efb87ff28af9a188d0536ef5d42e63dd52ba8263cd7344a993cc48dd11dedb6a"
url = "https://dl.google.com/go/go1.26.5.darwin-arm64.tar.gz"

[tools.go."platforms.macos-x64"]
checksum = "sha256:6231d8d3b8f5552ec6cbf6d685bdd5482e1e703214b120e89b3bf0d7bf1ef725"
url = "https://dl.google.com/go/go1.26.5.darwin-amd64.tar.gz"

[tools.go."platforms.windows-x64"]
checksum = "sha256:97e6b2a833b6d89f9ff17d25419ac0a7e3b482a044e9ab18cdef834bd834fd38"
url = "https://dl.google.com/go/go1.26.5.windows-amd64.zip"

[[tools.golangci-lint]]
version = "2.12.2"
backend = "aqua:golangci/golangci-lint"

[tools.golangci-lint."platforms.linux-arm64"]
checksum = "sha256:44cd40a8c76c86755375adfeea52cfd3533cb43d7bd647771e0ae065e166df3a"
url = "https://github.com/golangci/golangci-lint/releases/download/v2.12.2/golangci-lint-2.12.2-linux-arm64.tar.gz"
url_api = "https://api.github.com/repos/golangci/golangci-lint/releases/assets/413470996"
provenance = "github-attestations"

[tools.golangci-lint."platforms.linux-arm64-musl"]
checksum = "sha256:44cd40a8c76c86755375adfeea52cfd3533cb43d7bd647771e0ae065e166df3a"
url = "https://github.com/golangci/golangci-lint/releases/download/v2.12.2/golangci-lint-2.12.2-linux-arm64.tar.gz"
url_api = "https://api.github.com/repos/golangci/golangci-lint/releases/assets/413470996"
provenance = "github-attestations"

[tools.golangci-lint."platforms.linux-x64"]
checksum = "sha256:8df580d2670fed8fa984aac0507099af8df275e665215f5c7a2ae3943893a553"
url = "https://github.com/golangci/golangci-lint/releases/download/v2.12.2/golangci-lint-2.12.2-linux-amd64.tar.gz"
url_api = "https://api.github.com/repos/golangci/golangci-lint/releases/assets/413471054"
provenance = "github-attestations"

[tools.golangci-lint."platforms.linux-x64-musl"]
checksum = "sha256:8df580d2670fed8fa984aac0507099af8df275e665215f5c7a2ae3943893a553"
url = "https://github.com/golangci/golangci-lint/releases/download/v2.12.2/golangci-lint-2.12.2-linux-amd64.tar.gz"
url_api = "https://api.github.com/repos/golangci/golangci-lint/releases/assets/413471054"
provenance = "github-attestations"

[tools.golangci-lint."platforms.macos-arm64"]
checksum = "sha256:a9c54498731b3128f79e090be6110f3e5fffccc617b08142ed244d4126c73f29"
url = "https://github.com/golangci/golangci-lint/releases/download/v2.12.2/golangci-lint-2.12.2-darwin-arm64.tar.gz"
url_api = "https://api.github.com/repos/golangci/golangci-lint/releases/assets/413470950"
provenance = "github-attestations"

[tools.golangci-lint."platforms.macos-x64"]
checksum = "sha256:f6f06d94b6241521c53d15450c5209b028270bf966f842afb11c030c79f5bc16"
url = "https://github.com/golangci/golangci-lint/releases/download/v2.12.2/golangci-lint-2.12.2-darwin-amd64.tar.gz"
url_api = "https://api.github.com/repos/golangci/golangci-lint/releases/assets/413470980"
provenance = "github-attestations"

[tools.golangci-lint."platforms.windows-x64"]
checksum = "sha256:bd42e3ebc8cb4ececb86941983baaf1dc221bbb04d838e94ce63b49cc91e02bb"
url = "https://github.com/golangci/golangci-lint/releases/download/v2.12.2/golangci-lint-2.12.2-windows-amd64.zip"
url_api = "https://api.github.com/repos/golangci/golangci-lint/releases/assets/413471017"
provenance = "github-attestations"

[[tools.hugo]]
version = "0.165.0"
backend = "aqua:gohugoio/hugo"

[tools.hugo."platforms.linux-arm64"]
checksum = "sha256:65c9fdd75e82d5f1eaf565f6e9fede6c0ceecaa267798e10c73068986996b77d"
url = "https://github.com/gohugoio/hugo/releases/download/v0.165.0/hugo_0.165.0_linux-arm64.tar.gz"
url_api = "https://api.github.com/repos/gohugoio/hugo/releases/assets/511697401"

[tools.hugo."platforms.linux-arm64-musl"]
checksum = "sha256:65c9fdd75e82d5f1eaf565f6e9fede6c0ceecaa267798e10c73068986996b77d"
url = "https://github.com/gohugoio/hugo/releases/download/v0.165.0/hugo_0.165.0_linux-arm64.tar.gz"
url_api = "https://api.github.com/repos/gohugoio/hugo/releases/assets/511697401"

[tools.hugo."platforms.linux-x64"]
checksum = "sha256:5c3a37a5450b3e386e5b75a87a790fea2d04a796d75e171216c80ef48a32b432"
url = "https://github.com/gohugoio/hugo/releases/download/v0.165.0/hugo_0.165.0_linux-amd64.tar.gz"
url_api = "https://api.github.com/repos/gohugoio/hugo/releases/assets/511697404"

[tools.hugo."platforms.linux-x64-musl"]
checksum = "sha256:5c3a37a5450b3e386e5b75a87a790fea2d04a796d75e171216c80ef48a32b432"
url = "https://github.com/gohugoio/hugo/releases/download/v0.165.0/hugo_0.165.0_linux-amd64.tar.gz"
url_api = "https://api.github.com/repos/gohugoio/hugo/releases/assets/511697404"

[tools.hugo."platforms.macos-arm64"]
checksum = "sha256:10ea75335975a13d0e73ac298402179335c55fa4e99d1687452d9cfa70b30d16"
url = "https://github.com/gohugoio/hugo/releases/download/v0.165.0/hugo_0.165.0_darwin-universal.pkg"
url_api = "https://api.github.com/repos/gohugoio/hugo/releases/assets/511697483"

[tools.hugo."platforms.macos-x64"]
checksum = "sha256:10ea75335975a13d0e73ac298402179335c55fa4e99d1687452d9cfa70b30d16"
url = "https://github.com/gohugoio/hugo/releases/download/v0.165.0/hugo_0.165.0_darwin-universal.pkg"
url_api = "https://api.github.com/repos/gohugoio/hugo/releases/assets/511697483"

[tools.hugo."platforms.windows-x64"]
checksum = "sha256:bdd9cc7837a42389067b2d0df7858d5878ceddef21307c2dd27fa10885fbbcf9"
url = "https://github.com/gohugoio/hugo/releases/download/v0.165.0/hugo_0.165.0_windows-amd64.zip"
url_api = "https://api.github.com/repos/gohugoio/hugo/releases/assets/511697493"

[[tools.hugo-extended]]
version = "0.165.0"
backend = "aqua:gohugoio/hugo/hugo-extended"

[tools.hugo-extended."platforms.linux-arm64"]
checksum = "sha256:f40ebc44dfda3896cecd3ae7ed44f5c44c4b4a30a2b7d976ece6da62da699a58"
url = "https://github.com/gohugoio/hugo/releases/download/v0.165.0/hugo_extended_0.165.0_linux-arm64.tar.gz"
url_api = "https://api.github.com/repos/gohugoio/hugo/releases/assets/511697465"

[tools.hugo-extended."platforms.linux-arm64-musl"]
checksum = "sha256:f40ebc44dfda3896cecd3ae7ed44f5c44c4b4a30a2b7d976ece6da62da699a58"
url = "https://github.com/gohugoio/hugo/releases/download/v0.165.0/hugo_extended_0.165.0_linux-arm64.tar.gz"
url_api = "https://api.github.com/repos/gohugoio/hugo/releases/assets/511697465"

[tools.hugo-extended."platforms.linux-x64"]
checksum = "sha256:f43494894cdf4a8630a201d5c828051c77f523cc66bb3938b30806835470ac20"
url = "https://github.com/gohugoio/hugo/releases/download/v0.165.0/hugo_extended_0.165.0_linux-amd64.tar.gz"
url_api = "https://api.github.com/repos/gohugoio/hugo/releases/assets/511697439"

[tools.hugo-extended."platforms.linux-x64-musl"]
checksum = "sha256:f43494894cdf4a8630a201d5c828051c77f523cc66bb3938b30806835470ac20"
url = "https://github.com/gohugoio/hugo/releases/download/v0.165.0/hugo_extended_0.165.0_linux-amd64.tar.gz"
url_api = "https://api.github.com/repos/gohugoio/hugo/releases/assets/511697439"

[tools.hugo-extended."platforms.macos-arm64"]
checksum = "sha256:538be8435ded71e561cdc0bc42b9c9822c855b768e7028bc3f7f624b6e2c5185"
url = "https://github.com/gohugoio/hugo/releases/download/v0.165.0/hugo_extended_0.165.0_darwin-universal.pkg"
url_api = "https://api.github.com/repos/gohugoio/hugo/releases/assets/511697489"

[tools.hugo-extended."platforms.macos-x64"]
checksum = "sha256:538be8435ded71e561cdc0bc42b9c9822c855b768e7028bc3f7f624b6e2c5185"
url = "https://github.com/gohugoio/hugo/releases/download/v0.165.0/hugo_extended_0.165.0_darwin-universal.pkg"
url_api = "https://api.github.com/repos/gohugoio/hugo/releases/assets/511697489"

[tools.hugo-extended."platforms.windows-x64"]
checksum = "sha256:c0259eb25d11b7d1ee7cd2f86da84f17323a36a90dee0ac0f7a93b635ec837f9"
url = "https://github.com/gohugoio/hugo/releases/download/v0.165.0/hugo_extended_0.165.0_windows-amd64.zip"
url_api = "https://api.github.com/repos/gohugoio/hugo/releases/assets/511697521"

[[tools.pinact]]
version = "4.1.0"
backend = "aqua:suzuki-shunsuke/pinact"

[tools.pinact."platforms.linux-arm64"]
checksum = "sha256:2807669cd423a3572bc12ea4a5eab80cd2f30d5644710e0c97a08a075fdadf10"
url = "https://github.com/suzuki-shunsuke/pinact/releases/download/v4.1.0/pinact_linux_arm64.tar.gz"
url_api = "https://api.github.com/repos/suzuki-shunsuke/pinact/releases/assets/442249970"
provenance = "github-attestations"

[tools.pinact."platforms.linux-arm64-musl"]
checksum = "sha256:2807669cd423a3572bc12ea4a5eab80cd2f30d5644710e0c97a08a075fdadf10"
url = "https://github.com/suzuki-shunsuke/pinact/releases/download/v4.1.0/pinact_linux_arm64.tar.gz"
url_api = "https://api.github.com/repos/suzuki-shunsuke/pinact/releases/assets/442249970"
provenance = "github-attestations"

[tools.pinact."platforms.linux-x64"]
checksum = "sha256:8fcbf1b3e95551c82fd995535e3c1defa70e23299ce36eb3afd6c98778de6ca0"
url = "https://github.com/suzuki-shunsuke/pinact/releases/download/v4.1.0/pinact_linux_amd64.tar.gz"
url_api = "https://api.github.com/repos/suzuki-shunsuke/pinact/releases/assets/442249966"
provenance = "github-attestations"

[tools.pinact."platforms.linux-x64-musl"]
checksum = "sha256:8fcbf1b3e95551c82fd995535e3c1defa70e23299ce36eb3afd6c98778de6ca0"
url = "https://github.com/suzuki-shunsuke/pinact/releases/download/v4.1.0/pinact_linux_amd64.tar.gz"
url_api = "https://api.github.com/repos/suzuki-shunsuke/pinact/releases/assets/442249966"
provenance = "github-attestations"

[tools.pinact."platforms.macos-arm64"]
checksum = "sha256:b670063ccfa178cdb5c7107d14e3de896f10b93edcc7dbe38b840cb99f2536db"
url = "https://github.com/suzuki-shunsuke/pinact/releases/download/v4.1.0/pinact_darwin_arm64.tar.gz"
url_api = "https://api.github.com/repos/suzuki-shunsuke/pinact/releases/assets/442249963"
provenance = "github-attestations"

[tools.pinact."platforms.macos-x64"]
checksum = "sha256:6338d0220a28093c2c6916a047eea8a17f4ba03a8562010dc8e942b2a2884364"
url = "https://github.com/suzuki-shunsuke/pinact/releases/download/v4.1.0/pinact_darwin_amd64.tar.gz"
url_api = "https://api.github.com/repos/suzuki-shunsuke/pinact/releases/assets/442249961"
provenance = "github-attestations"

[tools.pinact."platforms.windows-x64"]
checksum = "sha256:de04e9612a50cb7b0263d162400305ea02fc85410c38887d1be7446a7c5d5dc6"
url = "https://github.com/suzuki-shunsuke/pinact/releases/download/v4.1.0/pinact_windows_amd64.zip"
url_api = "https://api.github.com/repos/suzuki-shunsuke/pinact/releases/assets/442249974"
provenance = "github-attestations"

[[tools.prek]]
version = "0.4.11"
backend = "aqua:j178/prek"

[tools.prek."platforms.linux-arm64"]
checksum = "sha256:ee5a28295d501486ffc6ea369bcf4e702ae2394c376fea2fbc78916031636384"
url = "https://github.com/j178/prek/releases/download/v0.4.11/prek-aarch64-unknown-linux-musl.tar.gz"
url_api = "https://api.github.com/repos/j178/prek/releases/assets/488626443"
provenance = "github-attestations"

[tools.prek."platforms.linux-arm64-musl"]
checksum = "sha256:ee5a28295d501486ffc6ea369bcf4e702ae2394c376fea2fbc78916031636384"
url = "https://github.com/j178/prek/releases/download/v0.4.11/prek-aarch64-unknown-linux-musl.tar.gz"
url_api = "https://api.github.com/repos/j178/prek/releases/assets/488626443"
provenance = "github-attestations"

[tools.prek."platforms.linux-x64"]
checksum = "sha256:fadf7f14fb570cb38051e8651cfe3b3b11ea499207a245c2aff09585cccb776a"
url = "https://github.com/j178/prek/releases/download/v0.4.11/prek-x86_64-unknown-linux-musl.tar.gz"
url_api = "https://api.github.com/repos/j178/prek/releases/assets/488626498"
provenance = "github-attestations"

[tools.prek."platforms.linux-x64-musl"]
checksum = "sha256:fadf7f14fb570cb38051e8651cfe3b3b11ea499207a245c2aff09585cccb776a"
url = "https://github.com/j178/prek/releases/download/v0.4.11/prek-x86_64-unknown-linux-musl.tar.gz"
url_api = "https://api.github.com/repos/j178/prek/releases/assets/488626498"
provenance = "github-attestations"

[tools.prek."platforms.macos-arm64"]
checksum = "sha256:92f8133ba6ff1c16066d9af521f7a72db6235becc845021363238fa8539c1132"
url = "https://github.com/j178/prek/releases/download/v0.4.11/prek-aarch64-apple-darwin.tar.gz"
url_api = "https://api.github.com/repos/j178/prek/releases/assets/488626436"
provenance = "github-attestations"

[tools.prek."platforms.macos-x64"]
checksum = "sha256:a4ecb066388245d9a30005d50ad2b00476e082c471368f583ab5847b791f36dd"
url = "https://github.com/j178/prek/releases/download/v0.4.11/prek-x86_64-apple-darwin.tar.gz"
url_api = "https://api.github.com/repos/j178/prek/releases/assets/488626482"
provenance = "github-attestations"

[tools.prek."platforms.windows-x64"]
checksum = "sha256:64eae0b1bafd6798cd0d0d634b2f5c2f7131944e8ca1d25b670b3f87bec563ff"
url = "https://github.com/j178/prek/releases/download/v0.4.11/prek-x86_64-pc-windows-msvc.zip"
url_api = "https://api.github.com/repos/j178/prek/releases/assets/488626488"
provenance = "github-attestations"
